
Microsoft Visual Studio Solution File, Format Version 12.00
# Visual Studio Version 16
VisualStudioVersion = 16.0.30002.166
MinimumVisualStudioVersion = 10.0.40219.1
Project("{FAE04EC0-301F-11D3-BF4B-00C04F79EFBC}") = "BierBuyFR.Web", "BierBuyFR.Web\BierBuyFR.Web.csproj", "{61FAEF00-AF9A-4152-89FD-018FA9389110}"
EndProject
Project("{FAE04EC0-301F-11D3-BF4B-00C04F79EFBC}") = "BierBuyFR.Entitie", "BierBuyFR.Entitie\BierBuyFR.Entitie.csproj", "{1776BE7D-61E6-4797-90AC-11F6E7756B4D}"
EndProject
Project("{FAE04EC0-301F-11D3-BF4B-00C04F79EFBC}") = "BierBuyFR.Database", "BierBuyFR.Database\BierBuyFR.Database.csproj", "{F19AA5A1-C256-4267-9997-4B404EDC0089}"
EndProject
Global
	GlobalSection(SolutionConfigurationPlatforms) = preSolution
		Debug|Any CPU = Debug|Any CPU
		Release|Any CPU = Release|Any CPU
	EndGlobalSection
	GlobalSection(ProjectConfigurationPlatforms) = postSolution
		{61FAEF00-AF9A-4152-89FD-018FA9389110}.Debug|Any CPU.ActiveCfg = Debug|Any CPU
		{61FAEF00-AF9A-4152-89FD-018FA9389110}.Debug|Any CPU.Build.0 = Debug|Any CPU
		{61FAEF00-AF9A-4152-89FD-018FA9389110}.Release|Any CPU.ActiveCfg = Release|Any CPU
		{61FAEF00-AF9A-4152-89FD-018FA9389110}.Release|Any CPU.Build.0 = Release|Any CPU
		{1776BE7D-61E6-4797-90AC-11F6E7756B4D}.Debug|Any CPU.ActiveCfg = Debug|Any CPU
		{1776BE7D-61E6-4797-90AC-11F6E7756B4D}.Debug|Any CPU.Build.0 = Debug|Any CPU
		{1776BE7D-61E6-4797-90AC-11F6E7756B4D}.Release|Any CPU.ActiveCfg = Release|Any CPU
		{1776BE7D-61E6-4797-90AC-11F6E7756B4D}.Release|Any CPU.Build.0 = Release|Any CPU
		{F19AA5A1-C256-4267-9997-4B404EDC0089}.Debug|Any CPU.ActiveCfg = Debug|Any CPU
		{F19AA5A1-C256-4267-9997-4B404EDC0089}.Debug|Any CPU.Build.0 = Debug|Any CPU
		{F19AA5A1-C256-4267-9997-4B404EDC0089}.Release|Any CPU.ActiveCfg = Release|Any CPU
		{F19AA5A1-C256-4267-9997-4B404EDC0089}.Release|Any CPU.Build.0 = Release|Any CPU
	EndGlobalSection
	GlobalSection(SolutionProperties) = preSolution
		HideSolutionNode = FALSE
	EndGlobalSection
	GlobalSection(ExtensibilityGlobals) = postSolution
		SolutionGuid = {BEB1EB10-371F-4301-B72B-C2F0072C5C14}
	EndGlobalSection
EndGlobal
